
Microsoft Visual Studio Solution File, Format Version 12.00
# Visual Studio 15
VisualStudioVersion = 15.0.26430.13
MinimumVisualStudioVersion = 10.0.40219.1
Project("{888888A0-9F3D-457C-B088-3A5042F75D52}") = "TidesBot", "TidesBot.pyproj", "{4D407A44-94AC-4A79-B24E-69554ECA6B8C}"
EndProject
Global
	GlobalSection(SolutionConfigurationPlatforms) = preSolution
		Debug|Any CPU = Debug|Any CPU
		Release|Any CPU = Release|Any CPU
	EndGlobalSection
	GlobalSection(ProjectConfigurationPlatforms) = postSolution
		{4D407A44-94AC-4A79-B24E-69554ECA6B8C}.Debug|Any CPU.ActiveCfg = Debug|Any CPU
		{4D407A44-94AC-4A79-B24E-69554ECA6B8C}.Release|Any CPU.ActiveCfg = Release|Any CPU
	EndGlobalSection
	GlobalSection(SolutionProperties) = preSolution
		HideSolutionNode = FALSE
	EndGlobalSection
	GlobalSection(ExtensibilityGlobals) = postSolution
		SolutionGuid = {6D64BFD5-8DCA-43EF-A6A1-30CDA0C0920B}
	EndGlobalSection
EndGlobal
